{
  "name": "canary-reliability-network",
  "version": "0.0.0",
  "lockfileVersion": 3,
  "requires": true,
  "packages": {
    "": {
      "name": "canary-reliability-network",
      "version": "0.0.0",
      "license": "Apache-2.0",
      "workspaces": [
        "apps/*",
        "packages/core/*",
        "packages/runner/*",
        "packages/evidence/*",
        "packages/registry-npm",
        "packages/github",
        "packages/ai",
        "packages/support"
      ],
      "devDependencies": {
        "@types/node": "^22.0.0",
        "typescript": "^5.6.0"
      },
      "engines": {
        "node": ">=22"
      }
    },
    "apps/cli": {
      "name": "@canary-rn/cli",
      "version": "0.1.0",
      "dependencies": {
        "@canary-rn/ai": "*",
        "@canary-rn/classification": "*",
        "@canary-rn/comparator": "*",
        "@canary-rn/environment": "*",
        "@canary-rn/evidence-schema": "*",
        "@canary-rn/executor": "*",
        "@canary-rn/github": "*",
        "@canary-rn/hashing": "*",
        "@canary-rn/normalizers": "*",
        "@canary-rn/planner": "*",
        "@canary-rn/report": "*",
        "@canary-rn/support": "*",
        "@canary-rn/workspace": "*"
      },
      "bin": {
        "canary": "dist/src/main.js"
      }
    },
    "node_modules/@canary-rn/ai": {
      "resolved": "packages/ai",
      "link": true
    },
    "node_modules/@canary-rn/classification": {
      "resolved": "packages/core/classification",
      "link": true
    },
    "node_modules/@canary-rn/cli": {
      "resolved": "apps/cli",
      "link": true
    },
    "node_modules/@canary-rn/comparator": {
      "resolved": "packages/core/comparator",
      "link": true
    },
    "node_modules/@canary-rn/environment": {
      "resolved": "packages/runner/environment",
      "link": true
    },
    "node_modules/@canary-rn/evidence-schema": {
      "resolved": "packages/evidence/schema",
      "link": true
    },
    "node_modules/@canary-rn/executor": {
      "resolved": "packages/runner/executor",
      "link": true
    },
    "node_modules/@canary-rn/github": {
      "resolved": "packages/github",
      "link": true
    },
    "node_modules/@canary-rn/hashing": {
      "resolved": "packages/evidence/hashing",
      "link": true
    },
    "node_modules/@canary-rn/normalizers": {
      "resolved": "packages/evidence/normalizers",
      "link": true
    },
    "node_modules/@canary-rn/planner": {
      "resolved": "packages/core/planner",
      "link": true
    },
    "node_modules/@canary-rn/report": {
      "resolved": "packages/evidence/report",
      "link": true
    },
    "node_modules/@canary-rn/support": {
      "resolved": "packages/support",
      "link": true
    },
    "node_modules/@canary-rn/workspace": {
      "resolved": "packages/runner/workspace",
      "link": true
    },
    "node_modules/@types/node": {
      "version": "22.20.1",
      "resolved": "https://registry.npmjs.org/@types/node/-/node-22.20.1.tgz",
      "integrity": "sha512-EANqOCF9QFyra+4pfxUcX9STKJpCLjMbObVzljIJomAWSnuSIEAvyzEU53GaajbXJEgdh0iEcPL+DGvpUd4k1Q==",
      "dev": true,
      "license": "MIT",
      "dependencies": {
        "undici-types": "~6.21.0"
      }
    },
    "node_modules/typescript": {
      "version": "5.9.3",
      "resolved": "https://registry.npmjs.org/typescript/-/typescript-5.9.3.tgz",
      "integrity": "sha512-jl1vZzPDinLr9eUt3J/t7V6FgNEw9QjvBPdysz9KfQDD41fQrC2Y4vKQdiaUpFT4bXlb1RHhLpp8wtm6M5TgSw==",
      "dev": true,
      "license": "Apache-2.0",
      "bin": {
        "tsc": "bin/tsc",
        "tsserver": "bin/tsserver"
      },
      "engines": {
        "node": ">=14.17"
      }
    },
    "node_modules/undici-types": {
      "version": "6.21.0",
      "resolved": "https://registry.npmjs.org/undici-types/-/undici-types-6.21.0.tgz",
      "integrity": "sha512-iwDZqg0QAGrg9Rav5H4n0M64c3mkR59cJ6wQp+7C4nI0gsmExaedaYLNO44eT4AtBBwjbTiGPMlt2Md0T9H9JQ==",
      "dev": true,
      "license": "MIT"
    },
    "packages/ai": {
      "name": "@canary-rn/ai",
      "version": "0.0.1",
      "dependencies": {
        "@canary-rn/evidence-schema": "*"
      }
    },
    "packages/core/classification": {
      "name": "@canary-rn/classification",
      "version": "0.0.1"
    },
    "packages/core/comparator": {
      "name": "@canary-rn/comparator",
      "version": "0.0.1"
    },
    "packages/core/planner": {
      "name": "@canary-rn/planner",
      "version": "0.0.1"
    },
    "packages/evidence/hashing": {
      "name": "@canary-rn/hashing",
      "version": "0.0.1"
    },
    "packages/evidence/normalizers": {
      "name": "@canary-rn/normalizers",
      "version": "0.0.1"
    },
    "packages/evidence/report": {
      "name": "@canary-rn/report",
      "version": "0.0.1",
      "dependencies": {
        "@canary-rn/evidence-schema": "*"
      }
    },
    "packages/evidence/schema": {
      "name": "@canary-rn/evidence-schema",
      "version": "0.0.1",
      "dependencies": {
        "@canary-rn/classification": "*"
      }
    },
    "packages/github": {
      "name": "@canary-rn/github",
      "version": "0.0.1"
    },
    "packages/runner/environment": {
      "name": "@canary-rn/environment",
      "version": "0.0.1"
    },
    "packages/runner/executor": {
      "name": "@canary-rn/executor",
      "version": "0.0.1",
      "dependencies": {
        "@canary-rn/classification": "*",
        "@canary-rn/comparator": "*",
        "@canary-rn/hashing": "*",
        "@canary-rn/normalizers": "*",
        "@canary-rn/support": "*"
      }
    },
    "packages/runner/workspace": {
      "name": "@canary-rn/workspace",
      "version": "0.0.1",
      "dependencies": {
        "@canary-rn/support": "*"
      }
    },
    "packages/support": {
      "name": "@canary-rn/support",
      "version": "0.0.1"
    }
  }
}
